
Microsoft Visual Studio Solution File, Format Version 12.00
# Visual Studio Version 17
VisualStudioVersion = 17.9.34728.123
MinimumVisualStudioVersion = 10.0.40219.1
Project("{FAE04EC0-301F-11D3-BF4B-00C04F79EFBC}") = "Interface", "Interface\Interface.csproj", "{4E6E50BD-AC87-45B6-B992-85716A8338E4}"
EndProject
Global
	GlobalSection(SolutionConfigurationPlatforms) = preSolution
		Debug|Any CPU = Debug|Any CPU
		Release|Any CPU = Release|Any CPU
	EndGlobalSection
	GlobalSection(ProjectConfigurationPlatforms) = postSolution
		{4E6E50BD-AC87-45B6-B992-85716A8338E4}.Debug|Any CPU.ActiveCfg = Debug|Any CPU
		{4E6E50BD-AC87-45B6-B992-85716A8338E4}.Debug|Any CPU.Build.0 = Debug|Any CPU
		{4E6E50BD-AC87-45B6-B992-85716A8338E4}.Release|Any CPU.ActiveCfg = Release|Any CPU
		{4E6E50BD-AC87-45B6-B992-85716A8338E4}.Release|Any CPU.Build.0 = Release|Any CPU
	EndGlobalSection
	GlobalSection(SolutionProperties) = preSolution
		HideSolutionNode = FALSE
	EndGlobalSection
	GlobalSection(ExtensibilityGlobals) = postSolution
		SolutionGuid = {8F39F3E5-F55C-47B5-9D61-860943744317}
	EndGlobalSection
EndGlobal
